{
  "originHash" : "3bb315f777d5448309fe17f006993ca421756ae8e74817f88b675ed5c45832fb",
  "pins" : [
    {
      "identity" : "cocoaasyncsocket",
      "kind" : "remoteSourceControl",
      "location" : "https://github.com/robbiehanson/CocoaAsyncSocket",
      "state" : {
        "branch" : "master",
        "revision" : "5ddba5e72f38e56010dbfac08b44478ee5000c0c"
      }
    },
    {
      "identity" : "swifter",
      "kind" : "remoteSourceControl",
      "location" : "https://github.com/httpswift/swifter",
      "state" : {
        "branch" : "stable",
        "revision" : "1e4f51c92d7ca486242d8bf0722b99de2c3531aa"
      }
    },
    {
      "identity" : "swiftupnp",
      "kind" : "remoteSourceControl",
      "location" : "https://github.com/katoemba/SwiftUPnP.git",
      "state" : {
        "branch" : "main",
        "revision" : "d86f60e5fdaabb81c9734177778b4a9893b94179"
      }
    },
    {
      "identity" : "xmlcoder",
      "kind" : "remoteSourceControl",
      "location" : "https://github.com/CoreOffice/XMLCoder.git",
      "state" : {
        "revision" : "b1e944cbd0ef33787b13f639a5418d55b3bed501",
        "version" : "0.17.1"
      }
    }
  ],
  "version" : 3
}
